// !$*UTF8*$!
{
	archiveVersion = 1;
	classes = {
	};
	objectVersion = 46;
	objects = {

/* Begin PBXBuildFile section */
		324195491B2DED9C002E9021 /* StarJediBig.ttf in Resources */ = {isa = PBXBuildFile; fileRef = 324195481B2DED9C002E9021 /* StarJediBig.ttf */; };
		3241954D1B2DF0EC002E9021 /* Franklin_Gothic_Book.ttf in Resources */ = {isa = PBXBuildFile; fileRef = 3241954A1B2DF0EC002E9021 /* Franklin_Gothic_Book.ttf */; };
		3241954E1B2DF0EC002E9021 /* SWCrawlBody.ttf in Resources */ = {isa = PBXBuildFile; fileRef = 3241954B1B2DF0EC002E9021 /* SWCrawlBody.ttf */; };
		3241954F1B2DF0EC002E9021 /* SWCrawlTitle.ttf in Resources */ = {isa = PBXBuildFile; fileRef = 3241954C1B2DF0EC002E9021 /* SWCrawlTitle.ttf */; };
		324195511B2DF7E2002E9021 /* starBg.png in Resources */ = {isa = PBXBuildFile; fileRef = 324195501B2DF7E2002E9021 /* starBg.png */; };
		324E3D231B2C632000A28F84 /* main.m in Sources */ = {isa = PBXBuildFile; fileRef = 324E3D221B2C632000A28F84 /* main.m */; };
		324E3D261B2C632000A28F84 /* AppDelegate.m in Sources */ = {isa = PBXBuildFile; fileRef = 324E3D251B2C632000A28F84 /* AppDelegate.m */; };
		324E3D291B2C632000A28F84 /* MFLTextFillLoading.xcdatamodeld in Sources */ = {isa = PBXBuildFile; fileRef = 324E3D271B2C632000A28F84 /* MFLTextFillLoading.xcdatamodeld */; };
		324E3D2C1B2C632000A28F84 /* ViewController.m in Sources */ = {isa = PBXBuildFile; fileRef = 324E3D2B1B2C632000A28F84 /* ViewController.m */; };
		324E3D2F1B2C632000A28F84 /* Main.storyboard in Resources */ = {isa = PBXBuildFile; fileRef = 324E3D2D1B2C632000A28F84 /* Main.storyboard */; };
		324E3D311B2C632000A28F84 /* Images.xcassets in Resources */ = {isa = PBXBuildFile; fileRef = 324E3D301B2C632000A28F84 /* Images.xcassets */; };
		324E3D341B2C632000A28F84 /* LaunchScreen.xib in Resources */ = {isa = PBXBuildFile; fileRef = 324E3D321B2C632000A28F84 /* LaunchScreen.xib */; };
		324E3D401B2C632000A28F84 /* MFLTextFillLoadingTests.m in Sources */ = {isa = PBXBuildFile; fileRef = 324E3D3F1B2C632000A28F84 /* MFLTextFillLoadingTests.m */; };
		3289D1A91B2CF28A0064543F /* MFLFillableTextView.xib in Resources */ = {isa = PBXBuildFile; fileRef = 3289D1A81B2CF28A0064543F /* MFLFillableTextView.xib */; };
		32BEEADE1B2C71E700BAF657 /* MFLFillableTextView.m in Sources */ = {isa = PBXBuildFile; fileRef = 32BEEADB1B2C71E700BAF657 /* MFLFillableTextView.m */; };
		32BEEAF91B2CAA8A00BAF657 /* MFLBorderLabel.m in Sources */ = {isa = PBXBuildFile; fileRef = 32BEEAF81B2CAA8A00BAF657 /* MFLBorderLabel.m */; };
/* End PBXBuildFile section */

/* Begin PBXContainerItemProxy section */
		324E3D3A1B2C632000A28F84 /* PBXContainerItemProxy */ = {
			isa = PBXContainerItemProxy;
			containerPortal = 324E3D151B2C632000A28F84 /* Project object */;
			proxyType = 1;
			remoteGlobalIDString = 324E3D1C1B2C632000A28F84;
			remoteInfo = MFLTextFillLoading;
		};
/* End PBXContainerItemProxy section */

/* Begin PBXFileReference section */
		324195481B2DED9C002E9021 /* StarJediBig.ttf */ = {isa = PBXFileReference; lastKnownFileType = file; path = StarJediBig.ttf; sourceTree = "<group>"; };
		3241954A1B2DF0EC002E9021 /* Franklin_Gothic_Book.ttf */ = {isa = PBXFileReference; lastKnownFileType = file; path = Franklin_Gothic_Book.ttf; sourceTree = "<group>"; };
		3241954B1B2DF0EC002E9021 /* SWCrawlBody.ttf */ = {isa = PBXFileReference; lastKnownFileType = file; path = SWCrawlBody.ttf; sourceTree = "<group>"; };
		3241954C1B2DF0EC002E9021 /* SWCrawlTitle.ttf */ = {isa = PBXFileReference; lastKnownFileType = file; path = SWCrawlTitle.ttf; sourceTree = "<group>"; };
		324195501B2DF7E2002E9021 /* starBg.png */ = {isa = PBXFileReference; lastKnownFileType = image.png; path = starBg.png; sourceTree = "<group>"; };
		324E3D1D1B2C632000A28F84 /* MFLTextFillLoading.app */ = {isa = PBXFileReference; explicitFileType = wrapper.application; includeInIndex = 0; path = MFLTextFillLoading.app; sourceTree = BUILT_PRODUCTS_DIR; };
		324E3D211B2C632000A28F84 /* Info.plist */ = {isa = PBXFileReference; lastKnownFileType = text.plist.xml; path = Info.plist; sourceTree = "<group>"; };
		324E3D221B2C632000A28F84 /* main.m */ = {isa = PBXFileReference; lastKnownFileType = sourcecode.c.objc; path = main.m; sourceTree = "<group>"; };
		324E3D241B2C632000A28F84 /* AppDelegate.h */ = {isa = PBXFileReference; lastKnownFileType = sourcecode.c.h; path = AppDelegate.h; sourceTree = "<group>"; };
		324E3D251B2C632000A28F84 /* AppDelegate.m */ = {isa = PBXFileReference; lastKnownFileType = sourcecode.c.objc; path = AppDelegate.m; sourceTree = "<group>"; };
		324E3D281B2C632000A28F84 /* MFLTextFillLoading.xcdatamodel */ = {isa = PBXFileReference; lastKnownFileType = wrapper.xcdatamodel; path = MFLTextFillLoading.xcdatamodel; sourceTree = "<group>"; };
		324E3D2A1B2C632000A28F84 /* ViewController.h */ = {isa = PBXFileReference; lastKnownFileType = sourcecode.c.h; path = ViewController.h; sourceTree = "<group>"; };
		324E3D2B1B2C632000A28F84 /* ViewController.m */ = {isa = PBXFileReference; lastKnownFileType = sourcecode.c.objc; path = ViewController.m; sourceTree = "<group>"; };
		324E3D2E1B2C632000A28F84 /* Base */ = {isa = PBXFileReference; lastKnownFileType = file.storyboard; name = Base; path = Base.lproj/Main.storyboard; sourceTree = "<group>"; };
		324E3D301B2C632000A28F84 /* Images.xcassets */ = {isa = PBXFileReference; lastKnownFileType = folder.assetcatalog; path = Images.xcassets; sourceTree = "<group>"; };
		324E3D331B2C632000A28F84 /* Base */ = {isa = PBXFileReference; lastKnownFileType = file.xib; name = Base; path = Base.lproj/LaunchScreen.xib; sourceTree = "<group>"; };
		324E3D391B2C632000A28F84 /* MFLTextFillLoadingTests.xctest */ = {isa = PBXFileReference; explicitFileType = wrapper.cfbundle; includeInIndex = 0; path = MFLTextFillLoadingTests.xctest; sourceTree = BUILT_PRODUCTS_DIR; };
		324E3D3E1B2C632000A28F84 /* Info.plist */ = {isa = PBXFileReference; lastKnownFileType = text.plist.xml; path = Info.plist; sourceTree = "<group>"; };
		324E3D3F1B2C632000A28F84 /* MFLTextFillLoadingTests.m */ = {isa = PBXFileReference; lastKnownFileType = sourcecode.c.objc; path = MFLTextFillLoadingTests.m; sourceTree = "<group>"; };
		3289D1A81B2CF28A0064543F /* MFLFillableTextView.xib */ = {isa = PBXFileReference; fileEncoding = 4; lastKnownFileType = file.xib; path = MFLFillableTextView.xib; sourceTree = "<group>"; };
		32BEEADA1B2C71E700BAF657 /* MFLFillableTextView.h */ = {isa = PBXFileReference; fileEncoding = 4; lastKnownFileType = sourcecode.c.h; path = MFLFillableTextView.h; sourceTree = "<group>"; };
		32BEEADB1B2C71E700BAF657 /* MFLFillableTextView.m */ = {isa = PBXFileReference; fileEncoding = 4; lastKnownFileType = sourcecode.c.objc; path = MFLFillableTextView.m; sourceTree = "<group>"; };
		32BEEAF71B2CAA8A00BAF657 /* MFLBorderLabel.h */ = {isa = PBXFileReference; fileEncoding = 4; lastKnownFileType = sourcecode.c.h; path = MFLBorderLabel.h; sourceTree = "<group>"; };
		32BEEAF81B2CAA8A00BAF657 /* MFLBorderLabel.m */ = {isa = PBXFileReference; fileEncoding = 4; lastKnownFileType = sourcecode.c.objc; path = MFLBorderLabel.m; sourceTree = "<group>"; };
/* End PBXFileReference section */

/* Begin PBXFrameworksBuildPhase section */
		324E3D1A1B2C632000A28F84 /* Frameworks */ = {
			isa = PBXFrameworksBuildPhase;
			buildActionMask = 2147483647;
			files = (
			);
			runOnlyForDeploymentPostprocessing = 0;
		};
		324E3D361B2C632000A28F84 /* Frameworks */ = {
			isa = PBXFrameworksBuildPhase;
			buildActionMask = 2147483647;
			files = (
			);
			runOnlyForDeploymentPostprocessing = 0;
		};
/* End PBXFrameworksBuildPhase section */

/* Begin PBXGroup section */
		324E3D141B2C632000A28F84 = {
			isa = PBXGroup;
			children = (
				324E3D1F1B2C632000A28F84 /* MFLTextFillLoading */,
				324E3D3C1B2C632000A28F84 /* MFLTextFillLoadingTests */,
				324E3D1E1B2C632000A28F84 /* Products */,
			);
			sourceTree = "<group>";
		};
		324E3D1E1B2C632000A28F84 /* Products */ = {
			isa = PBXGroup;
			children = (
				324E3D1D1B2C632000A28F84 /* MFLTextFillLoading.app */,
				324E3D391B2C632000A28F84 /* MFLTextFillLoadingTests.xctest */,
			);
			name = Products;
			sourceTree = "<group>";
		};
		324E3D1F1B2C632000A28F84 /* MFLTextFillLoading */ = {
			isa = PBXGroup;
			children = (
				32BEEAD91B2C71E700BAF657 /* MFLFillableText */,
				324E3D241B2C632000A28F84 /* AppDelegate.h */,
				324E3D251B2C632000A28F84 /* AppDelegate.m */,
				324E3D2A1B2C632000A28F84 /* ViewController.h */,
				324E3D2B1B2C632000A28F84 /* ViewController.m */,
				324E3D2D1B2C632000A28F84 /* Main.storyboard */,
				324E3D301B2C632000A28F84 /* Images.xcassets */,
				324195481B2DED9C002E9021 /* StarJediBig.ttf */,
				3241954A1B2DF0EC002E9021 /* Franklin_Gothic_Book.ttf */,
				3241954B1B2DF0EC002E9021 /* SWCrawlBody.ttf */,
				3241954C1B2DF0EC002E9021 /* SWCrawlTitle.ttf */,
				324195501B2DF7E2002E9021 /* starBg.png */,
				324E3D321B2C632000A28F84 /* LaunchScreen.xib */,
				324E3D271B2C632000A28F84 /* MFLTextFillLoading.xcdatamodeld */,
				324E3D201B2C632000A28F84 /* Supporting Files */,
			);
			path = MFLTextFillLoading;
			sourceTree = "<group>";
		};
		324E3D201B2C632000A28F84 /* Supporting Files */ = {
			isa = PBXGroup;
			children = (
				324E3D211B2C632000A28F84 /* Info.plist */,
				324E3D221B2C632000A28F84 /* main.m */,
			);
			name = "Supporting Files";
			sourceTree = "<group>";
		};
		324E3D3C1B2C632000A28F84 /* MFLTextFillLoadingTests */ = {
			isa = PBXGroup;
			children = (
				324E3D3F1B2C632000A28F84 /* MFLTextFillLoadingTests.m */,
				324E3D3D1B2C632000A28F84 /* Supporting Files */,
			);
			path = MFLTextFillLoadingTests;
			sourceTree = "<group>";
		};
		324E3D3D1B2C632000A28F84 /* Supporting Files */ = {
			isa = PBXGroup;
			children = (
				324E3D3E1B2C632000A28F84 /* Info.plist */,
			);
			name = "Supporting Files";
			sourceTree = "<group>";
		};
		32BEEAD91B2C71E700BAF657 /* MFLFillableText */ = {
			isa = PBXGroup;
			children = (
				32BEEADA1B2C71E700BAF657 /* MFLFillableTextView.h */,
				32BEEADB1B2C71E700BAF657 /* MFLFillableTextView.m */,
				3289D1A81B2CF28A0064543F /* MFLFillableTextView.xib */,
				32BEEAE71B2C7C1600BAF657 /* Text Paths */,
			);
			path = MFLFillableText;
			sourceTree = "<group>";
		};
		32BEEAE71B2C7C1600BAF657 /* Text Paths */ = {
			isa = PBXGroup;
			children = (
				32BEEAF71B2CAA8A00BAF657 /* MFLBorderLabel.h */,
				32BEEAF81B2CAA8A00BAF657 /* MFLBorderLabel.m */,
			);
			path = "Text Paths";
			sourceTree = "<group>";
		};
/* End PBXGroup section */

/* Begin PBXNativeTarget section */
		324E3D1C1B2C632000A28F84 /* MFLTextFillLoading */ = {
			isa = PBXNativeTarget;
			buildConfigurationList = 324E3D431B2C632000A28F84 /* Build configuration list for PBXNativeTarget "MFLTextFillLoading" */;
			buildPhases = (
				324E3D191B2C632000A28F84 /* Sources */,
				324E3D1A1B2C632000A28F84 /* Frameworks */,
				324E3D1B1B2C632000A28F84 /* Resources */,
			);
			buildRules = (
			);
			dependencies = (
			);
			name = MFLTextFillLoading;
			productName = MFLTextFillLoading;
			productReference = 324E3D1D1B2C632000A28F84 /* MFLTextFillLoading.app */;
			productType = "com.apple.product-type.application";
		};
		324E3D381B2C632000A28F84 /* MFLTextFillLoadingTests */ = {
			isa = PBXNativeTarget;
			buildConfigurationList = 324E3D461B2C632000A28F84 /* Build configuration list for PBXNativeTarget "MFLTextFillLoadingTests" */;
			buildPhases = (
				324E3D351B2C632000A28F84 /* Sources */,
				324E3D361B2C632000A28F84 /* Frameworks */,
				324E3D371B2C632000A28F84 /* Resources */,
			);
			buildRules = (
			);
			dependencies = (
				324E3D3B1B2C632000A28F84 /* PBXTargetDependency */,
			);
			name = MFLTextFillLoadingTests;
			productName = MFLTextFillLoadingTests;
			productReference = 324E3D391B2C632000A28F84 /* MFLTextFillLoadingTests.xctest */;
			productType = "com.apple.product-type.bundle.unit-test";
		};
/* End PBXNativeTarget section */

/* Begin PBXProject section */
		324E3D151B2C632000A28F84 /* Project object */ = {
			isa = PBXProject;
			attributes = {
				LastUpgradeCheck = 0630;
				ORGANIZATIONNAME = Tj;
				TargetAttributes = {
					324E3D1C1B2C632000A28F84 = {
						CreatedOnToolsVersion = 6.3.2;
					};
					324E3D381B2C632000A28F84 = {
						CreatedOnToolsVersion = 6.3.2;
						TestTargetID = 324E3D1C1B2C632000A28F84;
					};
				};
			};
			buildConfigurationList = 324E3D181B2C632000A28F84 /* Build configuration list for PBXProject "MFLTextFillLoading" */;
			compatibilityVersion = "Xcode 3.2";
			developmentRegion = English;
			hasScannedForEncodings = 0;
			knownRegions = (
				en,
				Base,
			);
			mainGroup = 324E3D141B2C632000A28F84;
			productRefGroup = 324E3D1E1B2C632000A28F84 /* Products */;
			projectDirPath = "";
			projectRoot = "";
			targets = (
				324E3D1C1B2C632000A28F84 /* MFLTextFillLoading */,
				324E3D381B2C632000A28F84 /* MFLTextFillLoadingTests */,
			);
		};
/* End PBXProject section */

/* Begin PBXResourcesBuildPhase section */
		324E3D1B1B2C632000A28F84 /* Resources */ = {
			isa = PBXResourcesBuildPhase;
			buildActionMask = 2147483647;
			files = (
				324E3D2F1B2C632000A28F84 /* Main.storyboard in Resources */,
				3241954F1B2DF0EC002E9021 /* SWCrawlTitle.ttf in Resources */,
				3241954E1B2DF0EC002E9021 /* SWCrawlBody.ttf in Resources */,
				3289D1A91B2CF28A0064543F /* MFLFillableTextView.xib in Resources */,
				3241954D1B2DF0EC002E9021 /* Franklin_Gothic_Book.ttf in Resources */,
				324195511B2DF7E2002E9021 /* starBg.png in Resources */,
				324E3D341B2C632000A28F84 /* LaunchScreen.xib in Resources */,
				324E3D311B2C632000A28F84 /* Images.xcassets in Resources */,
				324195491B2DED9C002E9021 /* StarJediBig.ttf in Resources */,
			);
			runOnlyForDeploymentPostprocessing = 0;
		};
		324E3D371B2C632000A28F84 /* Resources */ = {
			isa = PBXResourcesBuildPhase;
			buildActionMask = 2147483647;
			files = (
			);
			runOnlyForDeploymentPostprocessing = 0;
		};
/* End PBXResourcesBuildPhase section */

/* Begin PBXSourcesBuildPhase section */
		324E3D191B2C632000A28F84 /* Sources */ = {
			isa = PBXSourcesBuildPhase;
			buildActionMask = 2147483647;
			files = (
				32BEEAF91B2CAA8A00BAF657 /* MFLBorderLabel.m in Sources */,
				324E3D261B2C632000A28F84 /* AppDelegate.m in Sources */,
				324E3D291B2C632000A28F84 /* MFLTextFillLoading.xcdatamodeld in Sources */,
				32BEEADE1B2C71E700BAF657 /* MFLFillableTextView.m in Sources */,
				324E3D2C1B2C632000A28F84 /* ViewController.m in Sources */,
				324E3D231B2C632000A28F84 /* main.m in Sources */,
			);
			runOnlyForDeploymentPostprocessing = 0;
		};
		324E3D351B2C632000A28F84 /* Sources */ = {
			isa = PBXSourcesBuildPhase;
			buildActionMask = 2147483647;
			files = (
				324E3D401B2C632000A28F84 /* MFLTextFillLoadingTests.m in Sources */,
			);
			runOnlyForDeploymentPostprocessing = 0;
		};
/* End PBXSourcesBuildPhase section */

/* Begin PBXTargetDependency section */
		324E3D3B1B2C632000A28F84 /* PBXTargetDependency */ = {
			isa = PBXTargetDependency;
			target = 324E3D1C1B2C632000A28F84 /* MFLTextFillLoading */;
			targetProxy = 324E3D3A1B2C632000A28F84 /* PBXContainerItemProxy */;
		};
/* End PBXTargetDependency section */

/* Begin PBXVariantGroup section */
		324E3D2D1B2C632000A28F84 /* Main.storyboard */ = {
			isa = PBXVariantGroup;
			children = (
				324E3D2E1B2C632000A28F84 /* Base */,
			);
			name = Main.storyboard;
			sourceTree = "<group>";
		};
		324E3D321B2C632000A28F84 /* LaunchScreen.xib */ = {
			isa = PBXVariantGroup;
			children = (
				324E3D331B2C632000A28F84 /* Base */,
			);
			name = LaunchScreen.xib;
			sourceTree = "<group>";
		};
/* End PBXVariantGroup section */

/* Begin XCBuildConfiguration section */
		324E3D411B2C632000A28F84 /* Debug */ = {
			isa = XCBuildConfiguration;
			buildSettings = {
				ALWAYS_SEARCH_USER_PATHS = NO;
				CLANG_CXX_LANGUAGE_STANDARD = "gnu++0x";
				CLANG_CXX_LIBRARY = "libc++";
				CLANG_ENABLE_MODULES = YES;
				CLANG_ENABLE_OBJC_ARC = YES;
				CLANG_WARN_BOOL_CONVERSION = YES;
				CLANG_WARN_CONSTANT_CONVERSION = YES;
				CLANG_WARN_DIRECT_OBJC_ISA_USAGE = YES_ERROR;
				CLANG_WARN_EMPTY_BODY = YES;
				CLANG_WARN_ENUM_CONVERSION = YES;
				CLANG_WARN_INT_CONVERSION = YES;
				CLANG_WARN_OBJC_ROOT_CLASS = YES_ERROR;
				CLANG_WARN_UNREACHABLE_CODE = YES;
				CLANG_WARN__DUPLICATE_METHOD_MATCH = YES;
				"CODE_SIGN_IDENTITY[sdk=iphoneos*]" = "iPhone Developer";
				COPY_PHASE_STRIP = NO;
				DEBUG_INFORMATION_FORMAT = "dwarf-with-dsym";
				ENABLE_STRICT_OBJC_MSGSEND = YES;
				GCC_C_LANGUAGE_STANDARD = gnu99;
				GCC_DYNAMIC_NO_PIC = NO;
				GCC_NO_COMMON_BLOCKS = YES;
				GCC_OPTIMIZATION_LEVEL = 0;
				GCC_PREPROCESSOR_DEFINITIONS = (
					"DEBUG=1",
					"$(inherited)",
				);
				GCC_SYMBOLS_PRIVATE_EXTERN = NO;
				GCC_WARN_64_TO_32_BIT_CONVERSION = YES;
				GCC_WARN_ABOUT_RETURN_TYPE = YES_ERROR;
				GCC_WARN_UNDECLARED_SELECTOR = YES;
				GCC_WARN_UNINITIALIZED_AUTOS = YES_AGGRESSIVE;
				GCC_WARN_UNUSED_FUNCTION = YES;
				GCC_WARN_UNUSED_VARIABLE = YES;
				IPHONEOS_DEPLOYMENT_TARGET = 8.3;
				MTL_ENABLE_DEBUG_INFO = YES;
				ONLY_ACTIVE_ARCH = YES;
				SDKROOT = iphoneos;
				TARGETED_DEVICE_FAMILY = "1,2";
			};
			name = Debug;
		};
		324E3D421B2C632000A28F84 /* Release */ = {
			isa = XCBuildConfiguration;
			buildSettings = {
				ALWAYS_SEARCH_USER_PATHS = NO;
				CLANG_CXX_LANGUAGE_STANDARD = "gnu++0x";
				CLANG_CXX_LIBRARY = "libc++";
				CLANG_ENABLE_MODULES = YES;
				CLANG_ENABLE_OBJC_ARC = YES;
				CLANG_WARN_BOOL_CONVERSION = YES;
				CLANG_WARN_CONSTANT_CONVERSION = YES;
				CLANG_WARN_DIRECT_OBJC_ISA_USAGE = YES_ERROR;
				CLANG_WARN_EMPTY_BODY = YES;
				CLANG_WARN_ENUM_CONVERSION = YES;
				CLANG_WARN_INT_CONVERSION = YES;
				CLANG_WARN_OBJC_ROOT_CLASS = YES_ERROR;
				CLANG_WARN_UNREACHABLE_CODE = YES;
				CLANG_WARN__DUPLICATE_METHOD_MATCH = YES;
				"CODE_SIGN_IDENTITY[sdk=iphoneos*]" = "iPhone Developer";
				COPY_PHASE_STRIP = NO;
				DEBUG_INFORMATION_FORMAT = "dwarf-with-dsym";
				ENABLE_NS_ASSERTIONS = NO;
				ENABLE_STRICT_OBJC_MSGSEND = YES;
				GCC_C_LANGUAGE_STANDARD = gnu99;
				GCC_NO_COMMON_BLOCKS = YES;
				GCC_WARN_64_TO_32_BIT_CONVERSION = YES;
				GCC_WARN_ABOUT_RETURN_TYPE = YES_ERROR;
				GCC_WARN_UNDECLARED_SELECTOR = YES;
				GCC_WARN_UNINITIALIZED_AUTOS = YES_AGGRESSIVE;
				GCC_WARN_UNUSED_FUNCTION = YES;
				GCC_WARN_UNUSED_VARIABLE = YES;
				IPHONEOS_DEPLOYMENT_TARGET = 8.3;
				MTL_ENABLE_DEBUG_INFO = NO;
				SDKROOT = iphoneos;
				TARGETED_DEVICE_FAMILY = "1,2";
				VALIDATE_PRODUCT = YES;
			};
			name = Release;
		};
		324E3D441B2C632000A28F84 /* Debug */ = {
			isa = XCBuildConfiguration;
			buildSettings = {
				ASSETCATALOG_COMPILER_APPICON_NAME = AppIcon;
				INFOPLIST_FILE = MFLTextFillLoading/Info.plist;
				LD_RUNPATH_SEARCH_PATHS = "$(inherited) @executable_path/Frameworks";
				PRODUCT_NAME = "$(TARGET_NAME)";
			};
			name = Debug;
		};
		324E3D451B2C632000A28F84 /* Release */ = {
			isa = XCBuildConfiguration;
			buildSettings = {
				ASSETCATALOG_COMPILER_APPICON_NAME = AppIcon;
				INFOPLIST_FILE = MFLTextFillLoading/Info.plist;
				LD_RUNPATH_SEARCH_PATHS = "$(inherited) @executable_path/Frameworks";
				PRODUCT_NAME = "$(TARGET_NAME)";
			};
			name = Release;
		};
		324E3D471B2C632000A28F84 /* Debug */ = {
			isa = XCBuildConfiguration;
			buildSettings = {
				BUNDLE_LOADER = "$(TEST_HOST)";
				FRAMEWORK_SEARCH_PATHS = (
					"$(SDKROOT)/Developer/Library/Frameworks",
					"$(inherited)",
				);
				GCC_PREPROCESSOR_DEFINITIONS = (
					"DEBUG=1",
					"$(inherited)",
				);
				INFOPLIST_FILE = MFLTextFillLoadingTests/Info.plist;
				LD_RUNPATH_SEARCH_PATHS = "$(inherited) @executable_path/Frameworks @loader_path/Frameworks";
				PRODUCT_NAME = "$(TARGET_NAME)";
				TEST_HOST = "$(BUILT_PRODUCTS_DIR)/MFLTextFillLoading.app/MFLTextFillLoading";
			};
			name = Debug;
		};
		324E3D481B2C632000A28F84 /* Release */ = {
			isa = XCBuildConfiguration;
			buildSettings = {
				BUNDLE_LOADER = "$(TEST_HOST)";
				FRAMEWORK_SEARCH_PATHS = (
					"$(SDKROOT)/Developer/Library/Frameworks",
					"$(inherited)",
				);
				INFOPLIST_FILE = MFLTextFillLoadingTests/Info.plist;
				LD_RUNPATH_SEARCH_PATHS = "$(inherited) @executable_path/Frameworks @loader_path/Frameworks";
				PRODUCT_NAME = "$(TARGET_NAME)";
				TEST_HOST = "$(BUILT_PRODUCTS_DIR)/MFLTextFillLoading.app/MFLTextFillLoading";
			};
			name = Release;
		};
/* End XCBuildConfiguration section */

/* Begin XCConfigurationList section */
		324E3D181B2C632000A28F84 /* Build configuration list for PBXProject "MFLTextFillLoading" */ = {
			isa = XCConfigurationList;
			buildConfigurations = (
				324E3D411B2C632000A28F84 /* Debug */,
				324E3D421B2C632000A28F84 /* Release */,
			);
			defaultConfigurationIsVisible = 0;
			defaultConfigurationName = Release;
		};
		324E3D431B2C632000A28F84 /* Build configuration list for PBXNativeTarget "MFLTextFillLoading" */ = {
			isa = XCConfigurationList;
			buildConfigurations = (
				324E3D441B2C632000A28F84 /* Debug */,
				324E3D451B2C632000A28F84 /* Release */,
			);
			defaultConfigurationIsVisible = 0;
			defaultConfigurationName = Release;
		};
		324E3D461B2C632000A28F84 /* Build configuration list for PBXNativeTarget "MFLTextFillLoadingTests" */ = {
			isa = XCConfigurationList;
			buildConfigurations = (
				324E3D471B2C632000A28F84 /* Debug */,
				324E3D481B2C632000A28F84 /* Release */,
			);
			defaultConfigurationIsVisible = 0;
			defaultConfigurationName = Release;
		};
/* End XCConfigurationList section */

/* Begin XCVersionGroup section */
		324E3D271B2C632000A28F84 /* MFLTextFillLoading.xcdatamodeld */ = {
			isa = XCVersionGroup;
			children = (
				324E3D281B2C632000A28F84 /* MFLTextFillLoading.xcdatamodel */,
			);
			currentVersion = 324E3D281B2C632000A28F84 /* MFLTextFillLoading.xcdatamodel */;
			path = MFLTextFillLoading.xcdatamodeld;
			sourceTree = "<group>";
			versionGroupType = wrapper.xcdatamodel;
		};
/* End XCVersionGroup section */
	};
	rootObject = 324E3D151B2C632000A28F84 /* Project object */;
}
